<?xml version="1.0" encoding="utf-8"?>
<Project ToolsVersion="4.0" xmlns="http://schemas.microsoft.com/developer/msbuild/2003">
  <ItemGroup>
    <Filter Include="Resource Files">
      <UniqueIdentifier>{67DA6AB6-F800-4c08-8B7A-83BB121AAD01}</UniqueIdentifier>
      <Extensions>rc;ico;cur;bmp;dlg;rc2;rct;bin;rgs;gif;jpg;jpeg;jpe;resx;tiff;tif;png;wav;mfcribbon-ms</Extensions>
    </Filter>
  </ItemGroup>
  <ItemGroup>
    <ClInclude Include="src\players\Bot.h" />
    <ClInclude Include="src\card_related_items\Card.h" />
    <ClInclude Include="src\players\ConsolePlayer.h" />
    <ClInclude Include="src\tools\CustomExceptions.h" />
    <ClInclude Include="src\game_related_items\Decision.h" />
    <ClInclude Include="src\card_related_items\Deck.h" />
    <ClInclude Include="src\Flags.h" />
    <ClInclude Include="src\tools\Functions.h" />
    <ClInclude Include="src\game_related_items\Game.h" />
    <ClInclude Include="src\card_related_items\Hand.h" />
    <ClInclude Include="src\card_related_items\HandAttempt.h" />
    <ClInclude Include="src\tools\MemoryTracking.h" />
    <ClInclude Include="src\game_related_items\Player.h" />
    <ClInclude Include="src\game_related_items\PotsHandler.h" />
    <ClInclude Include="src\tools\random.h" />
    <ClInclude Include="src\game_related_items\Pot.h" />
    <ClInclude Include="src\tools\sorted_vector.h" />
    <ClInclude Include="src\card_related_items\Table.h" />
  </ItemGroup>
  <ItemGroup>
    <ClCompile Include="src\players\Bot.cpp" />
    <ClCompile Include="src\card_related_items\Card.cpp" />
    <ClCompile Include="src\players\ConsolePlayer.cpp" />
    <ClCompile Include="src\game_related_items\Decision.cpp" />
    <ClCompile Include="src\card_related_items\Deck.cpp" />
    <ClCompile Include="src\tools\Functions.cpp" />
    <ClCompile Include="src\game_related_items\Game.cpp" />
    <ClCompile Include="src\card_related_items\Hand.cpp" />
    <ClCompile Include="src\card_related_items\HandAttempt.cpp" />
    <ClCompile Include="src\tools\MemoryTracking.cpp" />
    <ClCompile Include="src\game_related_items\Player.cpp" />
    <ClCompile Include="src\main.cpp" />
    <ClCompile Include="src\game_related_items\PotsHandler.cpp" />
    <ClCompile Include="src\tools\random.cpp" />
    <ClCompile Include="src\game_related_items\Pot.cpp" />
    <ClCompile Include="src\card_related_items\Table.cpp" />
  </ItemGroup>
  <ItemGroup>
    <ResourceCompile Include="pokerSingle.rc">
      <Filter>Resource Files</Filter>
    </ResourceCompile>
  </ItemGroup>
</Project>