<?xml version="1.0" encoding="utf-8"?>
<Project ToolsVersion="4.0" xmlns="http://schemas.microsoft.com/developer/msbuild/2003">
  <ItemGroup>
    <Filter Include="Resource Files">
      <UniqueIdentifier>{67DA6AB6-F800-4c08-8B7A-83BB121AAD01}</UniqueIdentifier>
      <Extensions>rc;ico;cur;bmp;dlg;rc2;rct;bin;rgs;gif;jpg;jpeg;jpe;resx;tiff;tif;png;wav;mfcribbon-ms</Extensions>
    </Filter>
  </ItemGroup>
  <ItemGroup>
    <ClInclude Include="ConsolePlayer.h" />
    <ClInclude Include="Bot.h" />
    <ClInclude Include="Flags.h" />
    <ClInclude Include="Functions.h" />
    <ClInclude Include="MemoryTracking.h" />
    <ClInclude Include="random.h" />
    <ClInclude Include="sorted_vector.h" />
    <ClInclude Include="Card.h" />
    <ClInclude Include="CustomExceptions.h" />
    <ClInclude Include="Decision.h" />
    <ClInclude Include="Deck.h" />
    <ClInclude Include="Game.h" />
    <ClInclude Include="Hand.h" />
    <ClInclude Include="HandAttempt.h" />
    <ClInclude Include="Player.h" />
    <ClInclude Include="Pot.h" />
    <ClInclude Include="PotsHandler.h" />
    <ClInclude Include="Table.h" />
  </ItemGroup>
  <ItemGroup>
    <ClCompile Include="pokerSingle.cpp" />
    <ClCompile Include="ConsolePlayer.cpp" />
    <ClCompile Include="Bot.cpp" />
    <ClCompile Include="Functions.cpp" />
    <ClCompile Include="MemoryTracking.cpp" />
    <ClCompile Include="random.cpp" />
    <ClCompile Include="Card.cpp" />
    <ClCompile Include="Decision.cpp" />
    <ClCompile Include="Deck.cpp" />
    <ClCompile Include="Game.cpp" />
    <ClCompile Include="Hand.cpp" />
    <ClCompile Include="HandAttempt.cpp" />
    <ClCompile Include="Player.cpp" />
    <ClCompile Include="Pot.cpp" />
    <ClCompile Include="PotsHandler.cpp" />
    <ClCompile Include="Table.cpp" />
  </ItemGroup>
  <ItemGroup>
    <ResourceCompile Include="pokerSingle.rc">
      <Filter>Resource Files</Filter>
    </ResourceCompile>
  </ItemGroup>
</Project>